
Microsoft Visual Studio Solution File, Format Version 12.00
# Visual Studio Version 17
VisualStudioVersion = 17.2.32519.379
MinimumVisualStudioVersion = 10.0.40219.1
Project("{FAE04EC0-301F-11D3-BF4B-00C04F79EFBC}") = "WpfApp", "WpfApp.csproj", "{14FEBC36-4E09-4E78-A6A5-1609E5A05526}"
EndProject
Global
	GlobalSection(SolutionConfigurationPlatforms) = preSolution
		Debug|Any CPU = Debug|Any CPU
		Release|Any CPU = Release|Any CPU
	EndGlobalSection
	GlobalSection(ProjectConfigurationPlatforms) = postSolution
		{14FEBC36-4E09-4E78-A6A5-1609E5A05526}.Debug|Any CPU.ActiveCfg = Debug|Any CPU
		{14FEBC36-4E09-4E78-A6A5-1609E5A05526}.Debug|Any CPU.Build.0 = Debug|Any CPU
		{14FEBC36-4E09-4E78-A6A5-1609E5A05526}.Release|Any CPU.ActiveCfg = Release|Any CPU
		{14FEBC36-4E09-4E78-A6A5-1609E5A05526}.Release|Any CPU.Build.0 = Release|Any CPU
	EndGlobalSection
	GlobalSection(SolutionProperties) = preSolution
		HideSolutionNode = FALSE
	EndGlobalSection
	GlobalSection(ExtensibilityGlobals) = postSolution
		SolutionGuid = {A3B10B72-020F-499F-806C-CD6976A7E3A3}
	EndGlobalSection
EndGlobal
